
Microsoft Visual Studio Solution File, Format Version 12.00
# Visual Studio Version 16
VisualStudioVersion = 16.0.31205.134
MinimumVisualStudioVersion = 10.0.40219.1
Project("{F184B08F-C81C-45F6-A57F-5ABD9991F28F}") = "INVENTORY", "INVENTORY\INVENTORY.vbproj", "{FF41C519-4B1B-4B6A-8B4C-F6ABA9C76871}"
EndProject
Global
	GlobalSection(SolutionConfigurationPlatforms) = preSolution
		Debug|Any CPU = Debug|Any CPU
		Release|Any CPU = Release|Any CPU
	EndGlobalSection
	GlobalSection(ProjectConfigurationPlatforms) = postSolution
		{FF41C519-4B1B-4B6A-8B4C-F6ABA9C76871}.Debug|Any CPU.ActiveCfg = Debug|Any CPU
		{FF41C519-4B1B-4B6A-8B4C-F6ABA9C76871}.Debug|Any CPU.Build.0 = Debug|Any CPU
		{FF41C519-4B1B-4B6A-8B4C-F6ABA9C76871}.Release|Any CPU.ActiveCfg = Release|Any CPU
		{FF41C519-4B1B-4B6A-8B4C-F6ABA9C76871}.Release|Any CPU.Build.0 = Release|Any CPU
	EndGlobalSection
	GlobalSection(SolutionProperties) = preSolution
		HideSolutionNode = FALSE
	EndGlobalSection
	GlobalSection(ExtensibilityGlobals) = postSolution
		SolutionGuid = {A4208C9B-8E44-4908-9932-4949FC1BFBB4}
	EndGlobalSection
EndGlobal
